
Microsoft Visual Studio Solution File, Format Version 12.00
# Visual Studio Version 16
VisualStudioVersion = 16.0.30309.148
MinimumVisualStudioVersion = 10.0.40219.1
Project("{FAE04EC0-301F-11D3-BF4B-00C04F79EFBC}") = "Hangfire.Sample", "src\Hangfire.Sample\Hangfire.Sample.csproj", "{88AE18D6-3BE7-4DF7-9615-24B61D64F7E1}"
EndProject
Global
	GlobalSection(SolutionConfigurationPlatforms) = preSolution
		Debug|Any CPU = Debug|Any CPU
		Release|Any CPU = Release|Any CPU
	EndGlobalSection
	GlobalSection(ProjectConfigurationPlatforms) = postSolution
		{88AE18D6-3BE7-4DF7-9615-24B61D64F7E1}.Debug|Any CPU.ActiveCfg = Debug|Any CPU
		{88AE18D6-3BE7-4DF7-9615-24B61D64F7E1}.Debug|Any CPU.Build.0 = Debug|Any CPU
		{88AE18D6-3BE7-4DF7-9615-24B61D64F7E1}.Release|Any CPU.ActiveCfg = Release|Any CPU
		{88AE18D6-3BE7-4DF7-9615-24B61D64F7E1}.Release|Any CPU.Build.0 = Release|Any CPU
	EndGlobalSection
	GlobalSection(SolutionProperties) = preSolution
		HideSolutionNode = FALSE
	EndGlobalSection
	GlobalSection(ExtensibilityGlobals) = postSolution
		SolutionGuid = {B1C566AA-7C45-4EE4-81F3-561568F7C6DD}
	EndGlobalSection
EndGlobal
